{
  "meteor": {},
  "dependencies": {
    "basePackages": {
      "bootstrap-datetimepicker": {}
    },
    "packages": {
      "bootstrap-datetimepicker": {
        "git": "https://github.com/Elfoslav/bootstrap-datetimepicker.git",
        "tag": "v0.0.6",
        "commit": "728e5d603c377652e6909e180358364c46ce95ff"
      }
    }
  }
}
